{
    "_meta": {
        "hash": {
            "sha256": "ea9abf29df0c22b0ab8ea1acf46884d5e19cdd63bcfc00dd16a47b739bfb176a"
        },
        "pipfile-spec": 6,
        "requires": {
            "python_version": "3.8"
        },
        "sources": [
            {
                "name": "pypi",
                "url": "https://pypi.org/simple",
                "verify_ssl": true
            }
        ]
    },
    "default": {
        "altgraph": {
            "hashes": [
                "sha256:1f05a47122542f97028caf78775a095fbe6a2699b5089de8477eb583167d69aa",
                "sha256:c623e5f3408ca61d4016f23a681b9adb100802ca3e3da5e718915a9e4052cebe"
            ],
            "index": "pypi",
            "version": "==0.17"
        },
        "asyncqt": {
            "hashes": [
                "sha256:07aa993c7a4b1d4edbd35acced44d1be01da149ba3f7c9a7fa984be4ceca883f"
            ],
            "index": "pypi",
            "version": "==0.8.0"
        },
        "macholib": {
            "hashes": [
                "sha256:0c436bc847e7b1d9bda0560351bf76d7caf930fb585a828d13608839ef42c432",
                "sha256:c500f02867515e6c60a27875b408920d18332ddf96b4035ef03beddd782d4281"
            ],
            "index": "pypi",
            "version": "==1.14"
        },
        "pyinstaller": {
            "hashes": [
                "sha256:3730fa80d088f8bb7084d32480eb87cbb4ddb64123363763cf8f2a1378c1c4b7"
            ],
            "index": "pypi",
            "version": "==3.6"
        },
        "pyside2": {
            "hashes": [
                "sha256:307e58c1f327c9215d276fc7d312b3c537c72446af06230b4f130c2cc6980735",
                "sha256:692fc35171ef3b58226f5ba7bc75a00b641709f94e39b98ce22f3705d478372b",
                "sha256:80efed294ad4f7a5fa2c7d2707ce25d5afb60269825dce21034937056edb1754",
                "sha256:a7c5c94f925186f7cee5755477662cac40f59a27c2f9d6163c5ab4f89b1fa56a",
                "sha256:d2ada2f2236a7f1393a4e6657c4421cd99411cb99739d80dd1522e861ac1308a",
                "sha256:dc43c593800ba67d8081eb26deef83c893dd7b52680bfd5193e76e3efaf4f186"
            ],
            "index": "pypi",
            "version": "==5.14.2"
        },
        "shiboken2": {
            "hashes": [
                "sha256:1ab673cab00ac787f055f5859c6ad1e03e294c3a12247545f3b516860363b076",
                "sha256:32fa77f9464b1fa055f2d8c1511e624dbd39a8ad13053acc08c330d5631a7788",
                "sha256:4a1be8396c748b850d2b0bddc9ef3d277873d14503c83efbc34be7148c3c92fc",
                "sha256:6eda654156bdcabf14dd366f7da5ab2ffcf4d3099eb437f9a22742fd3f828f6a",
                "sha256:77b9bac57f7524c21a0711466dea43d4b45543f7d4ec1fc54acff9349d8296e3",
                "sha256:e887fccaa60dbf2b6f9ce46c32fb0d36434796ef3468d742e0bdad9cfc5b0c02"
            ],
            "index": "pypi",
            "version": "==5.14.2"
        }
    },
    "develop": {}
}
